// !$*UTF8*$!
{
	archiveVersion = 1;
	classes = {
	};
	objectVersion = 50;
	objects = {

/* Begin PBXBuildFile section */
		A8613E492110B401006FD0AC /* AppDelegate.swift in Sources */ = {isa = PBXBuildFile; fileRef = A8613E482110B401006FD0AC /* AppDelegate.swift */; };
		A8613E4B2110B401006FD0AC /* ViewController.swift in Sources */ = {isa = PBXBuildFile; fileRef = A8613E4A2110B401006FD0AC /* ViewController.swift */; };
		A8613E4E2110B401006FD0AC /* Main.storyboard in Resources */ = {isa = PBXBuildFile; fileRef = A8613E4C2110B401006FD0AC /* Main.storyboard */; };
		A8613E512110B401006FD0AC /* DemoAPISaveFetch.xcdatamodeld in Sources */ = {isa = PBXBuildFile; fileRef = A8613E4F2110B401006FD0AC /* DemoAPISaveFetch.xcdatamodeld */; };
		A8613E532110B404006FD0AC /* Assets.xcassets in Resources */ = {isa = PBXBuildFile; fileRef = A8613E522110B404006FD0AC /* Assets.xcassets */; };
		A8613E562110B404006FD0AC /* LaunchScreen.storyboard in Resources */ = {isa = PBXBuildFile; fileRef = A8613E542110B404006FD0AC /* LaunchScreen.storyboard */; };
/* End PBXBuildFile section */

/* Begin PBXFileReference section */
		A8613E452110B401006FD0AC /* DemoAPISaveFetch.app */ = {isa = PBXFileReference; explicitFileType = wrapper.application; includeInIndex = 0; path = DemoAPISaveFetch.app; sourceTree = BUILT_PRODUCTS_DIR; };
		A8613E482110B401006FD0AC /* AppDelegate.swift */ = {isa = PBXFileReference; lastKnownFileType = sourcecode.swift; path = AppDelegate.swift; sourceTree = "<group>"; };
		A8613E4A2110B401006FD0AC /* ViewController.swift */ = {isa = PBXFileReference; lastKnownFileType = sourcecode.swift; path = ViewController.swift; sourceTree = "<group>"; };
		A8613E4D2110B401006FD0AC /* Base */ = {isa = PBXFileReference; lastKnownFileType = file.storyboard; name = Base; path = Base.lproj/Main.storyboard; sourceTree = "<group>"; };
		A8613E502110B401006FD0AC /* DemoAPISaveFetch.xcdatamodel */ = {isa = PBXFileReference; lastKnownFileType = wrapper.xcdatamodel; path = DemoAPISaveFetch.xcdatamodel; sourceTree = "<group>"; };
		A8613E522110B404006FD0AC /* Assets.xcassets */ = {isa = PBXFileReference; lastKnownFileType = folder.assetcatalog; path = Assets.xcassets; sourceTree = "<group>"; };
		A8613E552110B404006FD0AC /* Base */ = {isa = PBXFileReference; lastKnownFileType = file.storyboard; name = Base; path = Base.lproj/LaunchScreen.storyboard; sourceTree = "<group>"; };
		A8613E572110B404006FD0AC /* Info.plist */ = {isa = PBXFileReference; lastKnownFileType = text.plist.xml; path = Info.plist; sourceTree = "<group>"; };
/* End PBXFileReference section */

/* Begin PBXFrameworksBuildPhase section */
		A8613E422110B401006FD0AC /* Frameworks */ = {
			isa = PBXFrameworksBuildPhase;
			buildActionMask = 2147483647;
			files = (
			);
			runOnlyForDeploymentPostprocessing = 0;
		};
/* End PBXFrameworksBuildPhase section */

/* Begin PBXGroup section */
		A8613E3C2110B401006FD0AC = {
			isa = PBXGroup;
			children = (
				A8613E472110B401006FD0AC /* DemoAPISaveFetch */,
				A8613E462110B401006FD0AC /* Products */,
			);
			sourceTree = "<group>";
		};
		A8613E462110B401006FD0AC /* Products */ = {
			isa = PBXGroup;
			children = (
				A8613E452110B401006FD0AC /* DemoAPISaveFetch.app */,
			);
			name = Products;
			sourceTree = "<group>";
		};
		A8613E472110B401006FD0AC /* DemoAPISaveFetch */ = {
			isa = PBXGroup;
			children = (
				A8613E482110B401006FD0AC /* AppDelegate.swift */,
				A8613E4A2110B401006FD0AC /* ViewController.swift */,
				A8613E4C2110B401006FD0AC /* Main.storyboard */,
				A8613E522110B404006FD0AC /* Assets.xcassets */,
				A8613E542110B404006FD0AC /* LaunchScreen.storyboard */,
				A8613E572110B404006FD0AC /* Info.plist */,
				A8613E4F2110B401006FD0AC /* DemoAPISaveFetch.xcdatamodeld */,
			);
			path = DemoAPISaveFetch;
			sourceTree = "<group>";
		};
/* End PBXGroup section */

/* Begin PBXNativeTarget section */
		A8613E442110B401006FD0AC /* DemoAPISaveFetch */ = {
			isa = PBXNativeTarget;
			buildConfigurationList = A8613E5A2110B404006FD0AC /* Build configuration list for PBXNativeTarget "DemoAPISaveFetch" */;
			buildPhases = (
				A8613E412110B401006FD0AC /* Sources */,
				A8613E422110B401006FD0AC /* Frameworks */,
				A8613E432110B401006FD0AC /* Resources */,
			);
			buildRules = (
			);
			dependencies = (
			);
			name = DemoAPISaveFetch;
			productName = DemoAPISaveFetch;
			productReference = A8613E452110B401006FD0AC /* DemoAPISaveFetch.app */;
			productType = "com.apple.product-type.application";
		};
/* End PBXNativeTarget section */

/* Begin PBXProject section */
		A8613E3D2110B401006FD0AC /* Project object */ = {
			isa = PBXProject;
			attributes = {
				LastSwiftUpdateCheck = 0940;
				LastUpgradeCheck = 0940;
				ORGANIZATIONNAME = "Joy Mondal";
				TargetAttributes = {
					A8613E442110B401006FD0AC = {
						CreatedOnToolsVersion = 9.4.1;
					};
				};
			};
			buildConfigurationList = A8613E402110B401006FD0AC /* Build configuration list for PBXProject "DemoAPISaveFetch" */;
			compatibilityVersion = "Xcode 9.3";
			developmentRegion = en;
			hasScannedForEncodings = 0;
			knownRegions = (
				en,
				Base,
			);
			mainGroup = A8613E3C2110B401006FD0AC;
			productRefGroup = A8613E462110B401006FD0AC /* Products */;
			projectDirPath = "";
			projectRoot = "";
			targets = (
				A8613E442110B401006FD0AC /* DemoAPISaveFetch */,
			);
		};
/* End PBXProject section */

/* Begin PBXResourcesBuildPhase section */
		A8613E432110B401006FD0AC /* Resources */ = {
			isa = PBXResourcesBuildPhase;
			buildActionMask = 2147483647;
			files = (
				A8613E562110B404006FD0AC /* LaunchScreen.storyboard in Resources */,
				A8613E532110B404006FD0AC /* Assets.xcassets in Resources */,
				A8613E4E2110B401006FD0AC /* Main.storyboard in Resources */,
			);
			runOnlyForDeploymentPostprocessing = 0;
		};
/* End PBXResourcesBuildPhase section */

/* Begin PBXSourcesBuildPhase section */
		A8613E412110B401006FD0AC /* Sources */ = {
			isa = PBXSourcesBuildPhase;
			buildActionMask = 2147483647;
			files = (
				A8613E4B2110B401006FD0AC /* ViewController.swift in Sources */,
				A8613E492110B401006FD0AC /* AppDelegate.swift in Sources */,
				A8613E512110B401006FD0AC /* DemoAPISaveFetch.xcdatamodeld in Sources */,
			);
			runOnlyForDeploymentPostprocessing = 0;
		};
/* End PBXSourcesBuildPhase section */

/* Begin PBXVariantGroup section */
		A8613E4C2110B401006FD0AC /* Main.storyboard */ = {
			isa = PBXVariantGroup;
			children = (
				A8613E4D2110B401006FD0AC /* Base */,
			);
			name = Main.storyboard;
			sourceTree = "<group>";
		};
		A8613E542110B404006FD0AC /* LaunchScreen.storyboard */ = {
			isa = PBXVariantGroup;
			children = (
				A8613E552110B404006FD0AC /* Base */,
			);
			name = LaunchScreen.storyboard;
			sourceTree = "<group>";
		};
/* End PBXVariantGroup section */

/* Begin XCBuildConfiguration section */
		A8613E582110B404006FD0AC /* Debug */ = {
			isa = XCBuildConfiguration;
			buildSettings = {
				ALWAYS_SEARCH_USER_PATHS = NO;
				CLANG_ANALYZER_NONNULL = YES;
				CLANG_ANALYZER_NUMBER_OBJECT_CONVERSION = YES_AGGRESSIVE;
				CLANG_CXX_LANGUAGE_STANDARD = "gnu++14";
				CLANG_CXX_LIBRARY = "libc++";
				CLANG_ENABLE_MODULES = YES;
				CLANG_ENABLE_OBJC_ARC = YES;
				CLANG_ENABLE_OBJC_WEAK = YES;
				CLANG_WARN_BLOCK_CAPTURE_AUTORELEASING = YES;
				CLANG_WARN_BOOL_CONVERSION = YES;
				CLANG_WARN_COMMA = YES;
				CLANG_WARN_CONSTANT_CONVERSION = YES;
				CLANG_WARN_DEPRECATED_OBJC_IMPLEMENTATIONS = YES;
				CLANG_WARN_DIRECT_OBJC_ISA_USAGE = YES_ERROR;
				CLANG_WARN_DOCUMENTATION_COMMENTS = YES;
				CLANG_WARN_EMPTY_BODY = YES;
				CLANG_WARN_ENUM_CONVERSION = YES;
				CLANG_WARN_INFINITE_RECURSION = YES;
				CLANG_WARN_INT_CONVERSION = YES;
				CLANG_WARN_NON_LITERAL_NULL_CONVERSION = YES;
				CLANG_WARN_OBJC_IMPLICIT_RETAIN_SELF = YES;
				CLANG_WARN_OBJC_LITERAL_CONVERSION = YES;
				CLANG_WARN_OBJC_ROOT_CLASS = YES_ERROR;
				CLANG_WARN_RANGE_LOOP_ANALYSIS = YES;
				CLANG_WARN_STRICT_PROTOTYPES = YES;
				CLANG_WARN_SUSPICIOUS_MOVE = YES;
				CLANG_WARN_UNGUARDED_AVAILABILITY = YES_AGGRESSIVE;
				CLANG_WARN_UNREACHABLE_CODE = YES;
				CLANG_WARN__DUPLICATE_METHOD_MATCH = YES;
				CODE_SIGN_IDENTITY = "iPhone Developer";
				COPY_PHASE_STRIP = NO;
				DEBUG_INFORMATION_FORMAT = dwarf;
				ENABLE_STRICT_OBJC_MSGSEND = YES;
				ENABLE_TESTABILITY = YES;
				GCC_C_LANGUAGE_STANDARD = gnu11;
				GCC_DYNAMIC_NO_PIC = NO;
				GCC_NO_COMMON_BLOCKS = YES;
				GCC_OPTIMIZATION_LEVEL = 0;
				GCC_PREPROCESSOR_DEFINITIONS = (
					"DEBUG=1",
					"$(inherited)",
				);
				GCC_WARN_64_TO_32_BIT_CONVERSION = YES;
				GCC_WARN_ABOUT_RETURN_TYPE = YES_ERROR;
				GCC_WARN_UNDECLARED_SELECTOR = YES;
				GCC_WARN_UNINITIALIZED_AUTOS = YES_AGGRESSIVE;
				GCC_WARN_UNUSED_FUNCTION = YES;
				GCC_WARN_UNUSED_VARIABLE = YES;
				IPHONEOS_DEPLOYMENT_TARGET = 11.4;
				MTL_ENABLE_DEBUG_INFO = YES;
				ONLY_ACTIVE_ARCH = YES;
				SDKROOT = iphoneos;
				SWIFT_ACTIVE_COMPILATION_CONDITIONS = DEBUG;
				SWIFT_OPTIMIZATION_LEVEL = "-Onone";
			};
			name = Debug;
		};
		A8613E592110B404006FD0AC /* Release */ = {
			isa = XCBuildConfiguration;
			buildSettings = {
				ALWAYS_SEARCH_USER_PATHS = NO;
				CLANG_ANALYZER_NONNULL = YES;
				CLANG_ANALYZER_NUMBER_OBJECT_CONVERSION = YES_AGGRESSIVE;
				CLANG_CXX_LANGUAGE_STANDARD = "gnu++14";
				CLANG_CXX_LIBRARY = "libc++";
				CLANG_ENABLE_MODULES = YES;
				CLANG_ENABLE_OBJC_ARC = YES;
				CLANG_ENABLE_OBJC_WEAK = YES;
				CLANG_WARN_BLOCK_CAPTURE_AUTORELEASING = YES;
				CLANG_WARN_BOOL_CONVERSION = YES;
				CLANG_WARN_COMMA = YES;
				CLANG_WARN_CONSTANT_CONVERSION = YES;
				CLANG_WARN_DEPRECATED_OBJC_IMPLEMENTATIONS = YES;
				CLANG_WARN_DIRECT_OBJC_ISA_USAGE = YES_ERROR;
				CLANG_WARN_DOCUMENTATION_COMMENTS = YES;
				CLANG_WARN_EMPTY_BODY = YES;
				CLANG_WARN_ENUM_CONVERSION = YES;
				CLANG_WARN_INFINITE_RECURSION = YES;
				CLANG_WARN_INT_CONVERSION = YES;
				CLANG_WARN_NON_LITERAL_NULL_CONVERSION = YES;
				CLANG_WARN_OBJC_IMPLICIT_RETAIN_SELF = YES;
				CLANG_WARN_OBJC_LITERAL_CONVERSION = YES;
				CLANG_WARN_OBJC_ROOT_CLASS = YES_ERROR;
				CLANG_WARN_RANGE_LOOP_ANALYSIS = YES;
				CLANG_WARN_STRICT_PROTOTYPES = YES;
				CLANG_WARN_SUSPICIOUS_MOVE = YES;
				CLANG_WARN_UNGUARDED_AVAILABILITY = YES_AGGRESSIVE;
				CLANG_WARN_UNREACHABLE_CODE = YES;
				CLANG_WARN__DUPLICATE_METHOD_MATCH = YES;
				CODE_SIGN_IDENTITY = "iPhone Developer";
				COPY_PHASE_STRIP = NO;
				DEBUG_INFORMATION_FORMAT = "dwarf-with-dsym";
				ENABLE_NS_ASSERTIONS = NO;
				ENABLE_STRICT_OBJC_MSGSEND = YES;
				GCC_C_LANGUAGE_STANDARD = gnu11;
				GCC_NO_COMMON_BLOCKS = YES;
				GCC_WARN_64_TO_32_BIT_CONVERSION = YES;
				GCC_WARN_ABOUT_RETURN_TYPE = YES_ERROR;
				GCC_WARN_UNDECLARED_SELECTOR = YES;
				GCC_WARN_UNINITIALIZED_AUTOS = YES_AGGRESSIVE;
				GCC_WARN_UNUSED_FUNCTION = YES;
				GCC_WARN_UNUSED_VARIABLE = YES;
				IPHONEOS_DEPLOYMENT_TARGET = 11.4;
				MTL_ENABLE_DEBUG_INFO = NO;
				SDKROOT = iphoneos;
				SWIFT_COMPILATION_MODE = wholemodule;
				SWIFT_OPTIMIZATION_LEVEL = "-O";
				VALIDATE_PRODUCT = YES;
			};
			name = Release;
		};
		A8613E5B2110B404006FD0AC /* Debug */ = {
			isa = XCBuildConfiguration;
			buildSettings = {
				ASSETCATALOG_COMPILER_APPICON_NAME = AppIcon;
				CODE_SIGN_STYLE = Automatic;
				DEVELOPMENT_TEAM = 247SKTDF4X;
				INFOPLIST_FILE = DemoAPISaveFetch/Info.plist;
				LD_RUNPATH_SEARCH_PATHS = (
					"$(inherited)",
					"@executable_path/Frameworks",
				);
				PRODUCT_BUNDLE_IDENTIFIER = "com.inadev.-.DemoAPISaveFetch";
				PRODUCT_NAME = "$(TARGET_NAME)";
				SWIFT_VERSION = 4.0;
				TARGETED_DEVICE_FAMILY = "1,2";
			};
			name = Debug;
		};
		A8613E5C2110B404006FD0AC /* Release */ = {
			isa = XCBuildConfiguration;
			buildSettings = {
				ASSETCATALOG_COMPILER_APPICON_NAME = AppIcon;
				CODE_SIGN_STYLE = Automatic;
				DEVELOPMENT_TEAM = 247SKTDF4X;
				INFOPLIST_FILE = DemoAPISaveFetch/Info.plist;
				LD_RUNPATH_SEARCH_PATHS = (
					"$(inherited)",
					"@executable_path/Frameworks",
				);
				PRODUCT_BUNDLE_IDENTIFIER = "com.inadev.-.DemoAPISaveFetch";
				PRODUCT_NAME = "$(TARGET_NAME)";
				SWIFT_VERSION = 4.0;
				TARGETED_DEVICE_FAMILY = "1,2";
			};
			name = Release;
		};
/* End XCBuildConfiguration section */

/* Begin XCConfigurationList section */
		A8613E402110B401006FD0AC /* Build configuration list for PBXProject "DemoAPISaveFetch" */ = {
			isa = XCConfigurationList;
			buildConfigurations = (
				A8613E582110B404006FD0AC /* Debug */,
				A8613E592110B404006FD0AC /* Release */,
			);
			defaultConfigurationIsVisible = 0;
			defaultConfigurationName = Release;
		};
		A8613E5A2110B404006FD0AC /* Build configuration list for PBXNativeTarget "DemoAPISaveFetch" */ = {
			isa = XCConfigurationList;
			buildConfigurations = (
				A8613E5B2110B404006FD0AC /* Debug */,
				A8613E5C2110B404006FD0AC /* Release */,
			);
			defaultConfigurationIsVisible = 0;
			defaultConfigurationName = Release;
		};
/* End XCConfigurationList section */

/* Begin XCVersionGroup section */
		A8613E4F2110B401006FD0AC /* DemoAPISaveFetch.xcdatamodeld */ = {
			isa = XCVersionGroup;
			children = (
				A8613E502110B401006FD0AC /* DemoAPISaveFetch.xcdatamodel */,
			);
			currentVersion = A8613E502110B401006FD0AC /* DemoAPISaveFetch.xcdatamodel */;
			path = DemoAPISaveFetch.xcdatamodeld;
			sourceTree = "<group>";
			versionGroupType = wrapper.xcdatamodel;
		};
/* End XCVersionGroup section */
	};
	rootObject = A8613E3D2110B401006FD0AC /* Project object */;
}
